
Microsoft Visual Studio Solution File, Format Version 12.00
# Visual Studio 15
VisualStudioVersion = 15.0.27428.2037
MinimumVisualStudioVersion = 10.0.40219.1
Project("{FAE04EC0-301F-11D3-BF4B-00C04F79EFBC}") = "RedSpider2", "RedSpider2\RedSpider2.csproj", "{17211301-9262-4E82-B2D7-7A9F199E2BB9}"
EndProject
Global
	GlobalSection(SolutionConfigurationPlatforms) = preSolution
		Debug|Any CPU = Debug|Any CPU
		Release|Any CPU = Release|Any CPU
	EndGlobalSection
	GlobalSection(ProjectConfigurationPlatforms) = postSolution
		{17211301-9262-4E82-B2D7-7A9F199E2BB9}.Debug|Any CPU.ActiveCfg = Debug|Any CPU
		{17211301-9262-4E82-B2D7-7A9F199E2BB9}.Debug|Any CPU.Build.0 = Debug|Any CPU
		{17211301-9262-4E82-B2D7-7A9F199E2BB9}.Release|Any CPU.ActiveCfg = Release|Any CPU
		{17211301-9262-4E82-B2D7-7A9F199E2BB9}.Release|Any CPU.Build.0 = Release|Any CPU
	EndGlobalSection
	GlobalSection(SolutionProperties) = preSolution
		HideSolutionNode = FALSE
	EndGlobalSection
	GlobalSection(ExtensibilityGlobals) = postSolution
		SolutionGuid = {DAD781A5-FBBC-4AE5-8A78-8E881A47929D}
	EndGlobalSection
EndGlobal
